# This file is automatically @generated by Cargo.
# It is not intended for manual editing.
version = 3

[[package]]
name = "anyhow"
version = "1.0.96"
source = "registry+https://github.com/rust-lang/crates.io-index"
checksum = "6b964d184e89d9b6b67dd2715bc8e74cf3107fb2b529990c90cf517326150bf4"

[[package]]
name = "phf"
version = "0.11.3"
source = "registry+https://github.com/rust-lang/crates.io-index"
checksum = "1fd6780a80ae0c52cc120a26a1a42c1ae51b247a253e4e06113d23d2c2edd078"
dependencies = [
 "phf_shared",
]

[[package]]
name = "phf_shared"
version = "0.11.3"
source = "registry+https://github.com/rust-lang/crates.io-index"
checksum = "67eabc2ef2a60eb7faa00097bd1ffdb5bd28e62bf39990626a582201b7a754e5"
dependencies = [
 "siphasher",
]

[[package]]
name = "ppc750cl"
version = "0.3.2"
source = "registry+https://github.com/rust-lang/crates.io-index"
checksum = "be8e5b9d48ab30323e8ece6d655d20fc16a570e4f1af0de6890d3e9ebd284ba0"

[[package]]
name = "ppc750cl-asm"
version = "0.3.2"
source = "registry+https://github.com/rust-lang/crates.io-index"
checksum = "d6d6b04f0e975bb4bfb9aefadd320a8436d662543d742900760367b57ac64d1e"
dependencies = [
 "phf",
]

[[package]]
name = "salamander"
version = "0.1.0"
dependencies = [
 "anyhow",
 "ppc750cl",
 "ppc750cl-asm",
]

[[package]]
name = "siphasher"
version = "1.0.1"
source = "registry+https://github.com/rust-lang/crates.io-index"
checksum = "56199f7ddabf13fe5074ce809e7d3f42b42ae711800501b5b16ea82ad029c39d"
